<Solution>
  <Project Path="Demo1/Demo1.csproj" />
  <Project Path="Demo2-condition/Demo2-condition.csproj" Id="ac23d2c0-39b4-4b49-aed1-a5a5eeab7ab2" />
  <Project Path="Demo3-operateurs/Demo3-operateurs.csproj" Id="365f1369-3df9-43e6-9b40-700b95e61338" />
  <Project Path="demo4-boucle/demo4-boucle.csproj" Id="b6bca06a-2085-4d91-9f8f-45987366f493" />
  <Project Path="Demo5-tableau/Demo5-tableau.csproj" Id="c3e3e026-3589-4212-96cc-25a1a44bea1f" />
  <Project Path="Exo1/Exo1.csproj" Id="6befeb73-9934-4577-baa7-839f4356873c" />
  <Project Path="Exo2/Exo2.csproj" Id="dc5a2db6-16cb-428d-b063-da10c66bff22" />
  <Project Path="Exo3/Exo3.csproj" Id="3147fc8c-784f-4432-9411-0119923f3419" />
  <Project Path="Exo4/Exo4.csproj" Id="a8769df1-6722-44f2-b4a7-1b48ee6440cf" />
</Solution>
